
Microsoft Visual Studio Solution File, Format Version 12.00
# Visual Studio 15
VisualStudioVersion = 15.0.28307.102
MinimumVisualStudioVersion = 10.0.40219.1
Project("{FAE04EC0-301F-11D3-BF4B-00C04F79EFBC}") = "SerialManager", "SerialManager\SerialManager.csproj", "{082016B4-4583-4F06-AA00-C20525410B05}"
EndProject
Project("{2150E333-8FDC-42A3-9474-1A3956D46DE8}") = "BaudsHelper", "BaudsHelper", "{549BE243-69AE-47FD-9F1F-D6880D1C7161}"
	ProjectSection(SolutionItems) = preProject
		BaudSetter.c = BaudSetter.c
	EndProjectSection
EndProject
Project("{9A19103F-16F7-4668-BE54-9A1E7A4F7556}") = "SerialLinuxHost", "SerialLinuxHost\SerialLinuxHost.csproj", "{64C050F4-A847-47C6-9912-A8DA04C1E7CF}"
EndProject
Global
	GlobalSection(SolutionConfigurationPlatforms) = preSolution
		Debug|Any CPU = Debug|Any CPU
		Release|Any CPU = Release|Any CPU
	EndGlobalSection
	GlobalSection(ProjectConfigurationPlatforms) = postSolution
		{082016B4-4583-4F06-AA00-C20525410B05}.Debug|Any CPU.ActiveCfg = Debug|Any CPU
		{082016B4-4583-4F06-AA00-C20525410B05}.Debug|Any CPU.Build.0 = Debug|Any CPU
		{082016B4-4583-4F06-AA00-C20525410B05}.Release|Any CPU.ActiveCfg = Release|Any CPU
		{082016B4-4583-4F06-AA00-C20525410B05}.Release|Any CPU.Build.0 = Release|Any CPU
		{64C050F4-A847-47C6-9912-A8DA04C1E7CF}.Debug|Any CPU.ActiveCfg = Debug|Any CPU
		{64C050F4-A847-47C6-9912-A8DA04C1E7CF}.Debug|Any CPU.Build.0 = Debug|Any CPU
		{64C050F4-A847-47C6-9912-A8DA04C1E7CF}.Release|Any CPU.ActiveCfg = Release|Any CPU
		{64C050F4-A847-47C6-9912-A8DA04C1E7CF}.Release|Any CPU.Build.0 = Release|Any CPU
	EndGlobalSection
	GlobalSection(SolutionProperties) = preSolution
		HideSolutionNode = FALSE
	EndGlobalSection
	GlobalSection(ExtensibilityGlobals) = postSolution
		SolutionGuid = {0BC3DCB5-B80E-4A5B-BF65-D54D556ECC05}
	EndGlobalSection
EndGlobal
